Microsoft Visual Studio Solution File, Format Version 12.00
# Visual Studio Version 17
VisualStudioVersion = 17.0.31903.59
MinimumVisualStudioVersion = 10.0.40219.1
Project("{FAE04EC0-301F-11D3-BF4B-00C04F79EFBC}") = "MagicSettings", "MagicSettings\MagicSettings.csproj", "{C61F3392-5B49-46BB-8BC0-FEEAA830BC5E}"
EndProject
Project("{FAE04EC0-301F-11D3-BF4B-00C04F79EFBC}") = "MagicSettings.Share", "MagicSettings.Share\MagicSettings.Share.csproj", "{C492C153-D111-4874-93B3-0E41A5FDEDB1}"
EndProject
Project("{FAE04EC0-301F-11D3-BF4B-00C04F79EFBC}") = "MagicSettings.Server", "MagicSettings.Server\MagicSettings.Server.csproj", "{876477AA-F425-456B-9E7A-30CC10F67EF7}"
EndProject
Project("{FAE04EC0-301F-11D3-BF4B-00C04F79EFBC}") = "MagicSettings.Tests", "MagicSettings.Tests\MagicSettings.Tests.csproj", "{66496E6F-9EFB-45C2-A981-88D1E315C705}"
EndProject
Global
  GlobalSection(SolutionConfigurationPlatforms) = preSolution
    Debug|Any CPU = Debug|Any CPU
    Release|Any CPU = Release|Any CPU
  EndGlobalSection
  GlobalSection(ProjectConfigurationPlatforms) = postSolution
    {C61F3392-5B49-46BB-8BC0-FEEAA830BC5E}.Debug|Any CPU.ActiveCfg = Debug|Any CPU
    {C61F3392-5B49-46BB-8BC0-FEEAA830BC5E}.Debug|Any CPU.Build.0 = Debug|Any CPU
    {C61F3392-5B49-46BB-8BC0-FEEAA830BC5E}.Release|Any CPU.ActiveCfg = Release|Any CPU
    {C61F3392-5B49-46BB-8BC0-FEEAA830BC5E}.Release|Any CPU.Build.0 = Release|Any CPU
    {C492C153-D111-4874-93B3-0E41A5FDEDB1}.Debug|Any CPU.ActiveCfg = Debug|Any CPU
    {C492C153-D111-4874-93B3-0E41A5FDEDB1}.Debug|Any CPU.Build.0 = Debug|Any CPU
    {C492C153-D111-4874-93B3-0E41A5FDEDB1}.Release|Any CPU.ActiveCfg = Release|Any CPU
    {C492C153-D111-4874-93B3-0E41A5FDEDB1}.Release|Any CPU.Build.0 = Release|Any CPU
    {876477AA-F425-456B-9E7A-30CC10F67EF7}.Debug|Any CPU.ActiveCfg = Debug|Any CPU
    {876477AA-F425-456B-9E7A-30CC10F67EF7}.Debug|Any CPU.Build.0 = Debug|Any CPU
    {876477AA-F425-456B-9E7A-30CC10F67EF7}.Release|Any CPU.ActiveCfg = Release|Any CPU
    {876477AA-F425-456B-9E7A-30CC10F67EF7}.Release|Any CPU.Build.0 = Release|Any CPU
    {66496E6F-9EFB-45C2-A981-88D1E315C705}.Debug|Any CPU.ActiveCfg = Debug|Any CPU
    {66496E6F-9EFB-45C2-A981-88D1E315C705}.Debug|Any CPU.Build.0 = Debug|Any CPU
    {66496E6F-9EFB-45C2-A981-88D1E315C705}.Release|Any CPU.ActiveCfg = Release|Any CPU
    {66496E6F-9EFB-45C2-A981-88D1E315C705}.Release|Any CPU.Build.0 = Release|Any CPU
  EndGlobalSection
EndGlobal
